
Microsoft Visual Studio Solution File, Format Version 12.00
# Visual Studio Version 17
VisualStudioVersion = 17.8.34004.107
MinimumVisualStudioVersion = 10.0.40219.1
Project("{9A19103F-16F7-4668-BE54-9A1E7A4F7556}") = "WpfApp1", "WpfApp1\WpfApp1.csproj", "{B6C8B6F4-2382-40B2-B055-ACD2FF9AAB97}"
EndProject
Project("{FAE04EC0-301F-11D3-BF4B-00C04F79EFBC}") = "Maui.WPF", "Maui.WPF\Maui.WPF.csproj", "{83550779-E17D-42A1-97B9-406F18D7578B}"
EndProject
Global
	GlobalSection(SolutionConfigurationPlatforms) = preSolution
		Debug|Any CPU = Debug|Any CPU
		Release|Any CPU = Release|Any CPU
	EndGlobalSection
	GlobalSection(ProjectConfigurationPlatforms) = postSolution
		{B6C8B6F4-2382-40B2-B055-ACD2FF9AAB97}.Debug|Any CPU.ActiveCfg = Debug|Any CPU
		{B6C8B6F4-2382-40B2-B055-ACD2FF9AAB97}.Debug|Any CPU.Build.0 = Debug|Any CPU
		{B6C8B6F4-2382-40B2-B055-ACD2FF9AAB97}.Release|Any CPU.ActiveCfg = Release|Any CPU
		{B6C8B6F4-2382-40B2-B055-ACD2FF9AAB97}.Release|Any CPU.Build.0 = Release|Any CPU
		{83550779-E17D-42A1-97B9-406F18D7578B}.Debug|Any CPU.ActiveCfg = Debug|Any CPU
		{83550779-E17D-42A1-97B9-406F18D7578B}.Debug|Any CPU.Build.0 = Debug|Any CPU
		{83550779-E17D-42A1-97B9-406F18D7578B}.Release|Any CPU.ActiveCfg = Release|Any CPU
		{83550779-E17D-42A1-97B9-406F18D7578B}.Release|Any CPU.Build.0 = Release|Any CPU
	EndGlobalSection
	GlobalSection(SolutionProperties) = preSolution
		HideSolutionNode = FALSE
	EndGlobalSection
	GlobalSection(ExtensibilityGlobals) = postSolution
		SolutionGuid = {3D53432C-E19C-48DB-8FD6-2EFF6FF74204}
	EndGlobalSection
EndGlobal
